# This file was autogenerated by uv via the following command:
#    uv pip compile --offline requirements-sim.txt --python cache/venvs/robocasa/bin/python -o requirements-sim.lock
absl-py==2.5.0
    # via
    #   dm-tree
    #   mujoco
attrs==26.1.0
    # via dm-tree
click==8.5.0
    # via tree
cloudpickle==3.1.2
    # via gymnasium
dm-tree==0.1.10
    # via -r requirements-sim.txt
etils==1.14.0
    # via mujoco
evdev==2.0.0
    # via pynput
farama-notifications==0.0.6
    # via gymnasium
fsspec==2026.9.0
    # via etils
glfw==2.10.2
    # via mujoco
gymnasium==0.29.1
    # via -r requirements-sim.txt
h5py==3.16.0
    # via -r requirements-sim.txt
hidapi==0.15.0
    # via -r requirements-sim.txt
imageio==2.38.0
    # via -r requirements-sim.txt
imageio-ffmpeg==0.6.0
    # via -r requirements-sim.txt
iniconfig==2.3.0
    # via pytest
llvmlite==0.44.0
    # via numba
lxml==6.1.3
    # via -r requirements-sim.txt
msgpack==1.2.3
    # via -r requirements-sim.txt
mujoco==3.3.1
    # via -r requirements-sim.txt
numba==0.61.2
    # via -r requirements-sim.txt
numpy==2.2.5
    # via
    #   -r requirements-sim.txt
    #   dm-tree
    #   gymnasium
    #   h5py
    #   imageio
    #   mujoco
    #   numba
    #   opencv-python-headless
    #   qpsolvers
    #   quadprog
    #   scipy
opencv-python-headless==5.0.0.93
    # via -r requirements-sim.txt
packaging==26.3
    # via pytest
pillow==12.3.0
    # via
    #   -r requirements-sim.txt
    #   imageio
    #   tree
pluggy==1.6.0
    # via pytest
pygame==2.6.1
    # via -r requirements-sim.txt
pygments==2.21.0
    # via pytest
pynput==1.8.2
    # via -r requirements-sim.txt
pyopengl==3.1.10
    # via mujoco
pytest==9.1.1
    # via -r requirements-sim.txt
python-xlib==0.33
    # via pynput
pyyaml==6.0.3
    # via -r requirements-sim.txt
qpsolvers==4.13.0
    # via -r requirements-sim.txt
quadprog==0.1.13
    # via qpsolvers
scipy==1.15.3
    # via
    #   -r requirements-sim.txt
    #   qpsolvers
setuptools==84.0.0
    # via tree
six==1.17.0
    # via
    #   pynput
    #   python-xlib
svgwrite==1.4.3
    # via tree
termcolor==3.3.0
    # via -r requirements-sim.txt
tqdm==4.70.1
    # via -r requirements-sim.txt
tree==0.2.4
    # via -r requirements-sim.txt
typing-extensions==4.16.0
    # via
    #   etils
    #   gymnasium
websockets==17.2
    # via -r requirements-sim.txt
wrapt==2.5.0
    # via dm-tree
zipp==4.1.1
    # via etils
